PODS:
  - DTFoundation/Core (1.7.12)
  - DTFoundation/DTASN1 (1.7.12):
    - DTFoundation/Core
  - Firebase/Core (4.0.0):
    - FirebaseAnalytics (= 4.0.0)
    - FirebaseCore (= 4.0.0)
  - Firebase/Messaging (4.0.0):
    - Firebase/Core
    - FirebaseMessaging (= 2.0.0)
  - FirebaseAnalytics (4.0.0):
    - FirebaseCore (~> 4.0)
    - FirebaseInstanceID (~> 2.0)
    - GoogleToolboxForMac/NSData+zlib (~> 2.1)
  - FirebaseCore (4.0.0):
    - GoogleToolboxForMac/NSData+zlib (~> 2.1)
  - FirebaseInstanceID (2.0.0):
    - FirebaseCore (~> 4.0)
  - FirebaseMessaging (2.0.0):
    - FirebaseAnalytics (~> 4.0)
    - FirebaseCore (~> 4.0)
    - FirebaseInstanceID (~> 2.0)
    - GoogleToolboxForMac/Logger (~> 2.1)
    - Protobuf (~> 3.1)
  - GoogleToolboxForMac/Defines (2.1.1)
  - GoogleToolboxForMac/Logger (2.1.1):
    - GoogleToolboxForMac/Defines (= 2.1.1)
  - GoogleToolboxForMac/NSData+zlib (2.1.1):
    - GoogleToolboxForMac/Defines (= 2.1.1)
  - MLPAutoCompleteTextField (1.6)
  - ObjcExceptionBridging (1.0.1):
    - ObjcExceptionBridging/ObjcExceptionBridging (= 1.0.1)
  - ObjcExceptionBridging/ObjcExceptionBridging (1.0.1)
  - Protobuf (3.3.0)
  - SwiftKeychainWrapper (3.0.1)
  - SwiftyMimeTypes (1.0.0)
  - TCMobileProvision (1.0.0):
    - DTFoundation/DTASN1 (~> 1.6)
  - XCGLogger (5.0.1):
    - XCGLogger/Core (= 5.0.1)
  - XCGLogger/Core (5.0.1):
    - ObjcExceptionBridging

DEPENDENCIES:
  - Firebase/Core
  - Firebase/Messaging
  - MLPAutoCompleteTextField (from `https://github.com/EddyBorja/MLPAutoCompleteTextField.git`, branch `master`)
  - SwiftKeychainWrapper (from `https://github.com/tiwoc/SwiftKeychainWrapper.git`, branch `kullo`)
  - SwiftyMimeTypes
  - TCMobileProvision
  - XCGLogger

EXTERNAL SOURCES:
  MLPAutoCompleteTextField:
    :branch: master
    :git: https://github.com/EddyBorja/MLPAutoCompleteTextField.git
  SwiftKeychainWrapper:
    :branch: kullo
    :git: https://github.com/tiwoc/SwiftKeychainWrapper.git

CHECKOUT OPTIONS:
  MLPAutoCompleteTextField:
    :commit: 21eea36e1d450677ba1ee68023d55a81364054d9
    :git: https://github.com/EddyBorja/MLPAutoCompleteTextField.git
  SwiftKeychainWrapper:
    :commit: a1727bb3a9e7e9e692e96488fd48f68cacb51ea9
    :git: https://github.com/tiwoc/SwiftKeychainWrapper.git

SPEC CHECKSUMS:
  DTFoundation: 26a164ef510877387906fb92bff524a792db4bf8
  Firebase: 284eea779b73fdff309791817da7c68bff8dd572
  FirebaseAnalytics: 6f08e746f7d66f5452931bc2e822b5df9c66b64a
  FirebaseCore: 85ad466044c2f013cdb167f85d426d15b128114a
  FirebaseInstanceID: 9fbf536668f4d3f0880e7438456dabd1376e294b
  FirebaseMessaging: 227406c05b0dc9290702d2e9f18ab5528f0c2cf2
  GoogleToolboxForMac: 8e329f1b599f2512c6b10676d45736bcc2cbbeb0
  MLPAutoCompleteTextField: 02700789c32dce9b3a7e9991810adf5edb757d80
  ObjcExceptionBridging: c30e00eb3700467e695faeea30e26e18bd445001
  Protobuf: d582fecf68201eac3d79ed61369ef45734394b9c
  SwiftKeychainWrapper: e353c2d5ac22e72ff7c1dc3b1de1f0e7341ba030
  SwiftyMimeTypes: 234f117a7b937feedb1c3bdde9e882c5268c9910
  TCMobileProvision: 2a8962b38821a20fad53b9d7851bbc9ae8c52995
  XCGLogger: 0b43697155d41e4a1b15fc776f319c2141646b09

PODFILE CHECKSUM: 22c45bfadb20e7f2bc4af2966f63f1ea02ed4de0

COCOAPODS: 1.2.1
