PODS:
  - HTAutocompleteTextField (1.3.2)
  - SwiftKeychainWrapper (1.0.11)
  - XCGLogger (3.1.1)

DEPENDENCIES:
  - HTAutocompleteTextField (~> 1.3)
  - SwiftKeychainWrapper (~> 1.0.11)
  - XCGLogger (~> 3.0)

SPEC CHECKSUMS:
  HTAutocompleteTextField: ce809f04875e843e20f214ab973bb496ba7a93b1
  SwiftKeychainWrapper: 011a6946923948ffa49708014dd691164d7621d1
  XCGLogger: e111a313f609432394c3ae378d99511634fd2e3c

COCOAPODS: 0.39.0
