PODS:
  - DTFoundation/Core (1.7.13)
  - DTFoundation/DTASN1 (1.7.13):
    - DTFoundation/Core
  - Firebase/CoreOnly (5.15.0):
    - FirebaseCore (= 5.1.10)
  - Firebase/Messaging (5.15.0):
    - Firebase/CoreOnly
    - FirebaseMessaging (= 3.2.2)
  - FirebaseAnalyticsInterop (1.1.0)
  - FirebaseCore (5.1.10):
    - GoogleUtilities/Logger (~> 5.2)
  - FirebaseInstanceID (3.3.0):
    - FirebaseCore (~> 5.1)
    - GoogleUtilities/Environment (~> 5.3)
    - GoogleUtilities/UserDefaults (~> 5.3)
  - FirebaseMessaging (3.2.2):
    - FirebaseAnalyticsInterop (~> 1.1)
    - FirebaseCore (~> 5.1)
    - FirebaseInstanceID (~> 3.0)
    - GoogleUtilities/Environment (~> 5.2)
    - GoogleUtilities/Reachability (~> 5.2)
    - Protobuf (~> 3.1)
  - GoogleUtilities/Environment (5.3.7)
  - GoogleUtilities/Logger (5.3.7):
    - GoogleUtilities/Environment
  - GoogleUtilities/Reachability (5.3.7):
    - GoogleUtilities/Logger
  - GoogleUtilities/UserDefaults (5.3.7):
    - GoogleUtilities/Logger
  - MLPAutoCompleteTextField (1.6)
  - Protobuf (3.6.1)
  - SwiftKeychainWrapper (3.1.0)
  - SwiftyBeaver (1.6.1)
  - SwiftyMimeTypes (2.1.0)
  - TCMobileProvision (1.0.0):
    - DTFoundation/DTASN1 (~> 1.6)

DEPENDENCIES:
  - Firebase/Messaging
  - MLPAutoCompleteTextField (from `https://github.com/EddyBorja/MLPAutoCompleteTextField.git`, branch `master`)
  - SwiftKeychainWrapper (from `https://github.com/tiwoc/SwiftKeychainWrapper.git`, branch `kullo`)
  - SwiftyBeaver
  - SwiftyMimeTypes
  - TCMobileProvision

SPEC REPOS:
  https://github.com/cocoapods/specs.git:
    - DTFoundation
    - Firebase
    - FirebaseAnalyticsInterop
    - FirebaseCore
    - FirebaseInstanceID
    - FirebaseMessaging
    - GoogleUtilities
    - Protobuf
    - SwiftyBeaver
    - SwiftyMimeTypes
    - TCMobileProvision

EXTERNAL SOURCES:
  MLPAutoCompleteTextField:
    :branch: master
    :git: https://github.com/EddyBorja/MLPAutoCompleteTextField.git
  SwiftKeychainWrapper:
    :branch: kullo
    :git: https://github.com/tiwoc/SwiftKeychainWrapper.git

CHECKOUT OPTIONS:
  MLPAutoCompleteTextField:
    :commit: 21eea36e1d450677ba1ee68023d55a81364054d9
    :git: https://github.com/EddyBorja/MLPAutoCompleteTextField.git
  SwiftKeychainWrapper:
    :commit: 1e10809c62b64ba189b072666a81f00dc9515737
    :git: https://github.com/tiwoc/SwiftKeychainWrapper.git

SPEC CHECKSUMS:
  DTFoundation: f03be9fd786f11e505bb8fc44e2a3732bf0917df
  Firebase: 8bb9268bff82374f2cbaaabb143e725743c316ae
  FirebaseAnalyticsInterop: e5f21be9af6548372e2f0815834ff909bff395a2
  FirebaseCore: 35747502d9e8c6ee217385ad04446c7c2aaf9c5c
  FirebaseInstanceID: e2fa4cb35ef5558c200f7f0ad8a53e212215f93e
  FirebaseMessaging: b412996f6a09337d232bb3a6676ce4d1f353d024
  GoogleUtilities: 111a012f4c3a29c9e7c954c082fafd6ee3c999c0
  MLPAutoCompleteTextField: 02700789c32dce9b3a7e9991810adf5edb757d80
  Protobuf: 1eb9700044745f00181c136ef21b8ff3ad5a0fd5
  SwiftKeychainWrapper: fe63ac0e19acd227aa031043de5a8f88a3ff23da
  SwiftyBeaver: ccfcdf85a04d429f1633f668650b0ce8020bda3a
  SwiftyMimeTypes: df2392d0f7b7c06bb3a65909e0d1efc09f5b6b6b
  TCMobileProvision: 2a8962b38821a20fad53b9d7851bbc9ae8c52995

PODFILE CHECKSUM: c189d09990c83254471dcb17a8f4c283b42180a3

COCOAPODS: 1.5.3
